
Microsoft Visual Studio Solution File, Format Version 12.00
# Visual Studio Version 16
VisualStudioVersion = 16.0.30413.136
MinimumVisualStudioVersion = 10.0.40219.1
Project("{9A19103F-16F7-4668-BE54-9A1E7A4F7556}") = "Blinks", "Blinks\Blinks.csproj", "{20270371-2D2E-4787-B6CE-B1FD310BAF11}"
EndProject
Project("{9A19103F-16F7-4668-BE54-9A1E7A4F7556}") = "Blinks.Dominio", "Blinks.Dominio\Blinks.Dominio.csproj", "{E266343A-9BE9-46E1-B1D0-856E2B05580F}"
EndProject
Project("{9A19103F-16F7-4668-BE54-9A1E7A4F7556}") = "Blinks.Repo", "Blinks.Repo\Blinks.Repo.csproj", "{CF8AE1A0-379E-4E1F-942B-122CDBA0A310}"
EndProject
Global
	GlobalSection(SolutionConfigurationPlatforms) = preSolution
		Debug|Any CPU = Debug|Any CPU
		Release|Any CPU = Release|Any CPU
	EndGlobalSection
	GlobalSection(ProjectConfigurationPlatforms) = postSolution
		{20270371-2D2E-4787-B6CE-B1FD310BAF11}.Debug|Any CPU.ActiveCfg = Debug|Any CPU
		{20270371-2D2E-4787-B6CE-B1FD310BAF11}.Debug|Any CPU.Build.0 = Debug|Any CPU
		{20270371-2D2E-4787-B6CE-B1FD310BAF11}.Release|Any CPU.ActiveCfg = Release|Any CPU
		{20270371-2D2E-4787-B6CE-B1FD310BAF11}.Release|Any CPU.Build.0 = Release|Any CPU
		{E266343A-9BE9-46E1-B1D0-856E2B05580F}.Debug|Any CPU.ActiveCfg = Debug|Any CPU
		{E266343A-9BE9-46E1-B1D0-856E2B05580F}.Debug|Any CPU.Build.0 = Debug|Any CPU
		{E266343A-9BE9-46E1-B1D0-856E2B05580F}.Release|Any CPU.ActiveCfg = Release|Any CPU
		{E266343A-9BE9-46E1-B1D0-856E2B05580F}.Release|Any CPU.Build.0 = Release|Any CPU
		{CF8AE1A0-379E-4E1F-942B-122CDBA0A310}.Debug|Any CPU.ActiveCfg = Debug|Any CPU
		{CF8AE1A0-379E-4E1F-942B-122CDBA0A310}.Debug|Any CPU.Build.0 = Debug|Any CPU
		{CF8AE1A0-379E-4E1F-942B-122CDBA0A310}.Release|Any CPU.ActiveCfg = Release|Any CPU
		{CF8AE1A0-379E-4E1F-942B-122CDBA0A310}.Release|Any CPU.Build.0 = Release|Any CPU
	EndGlobalSection
	GlobalSection(SolutionProperties) = preSolution
		HideSolutionNode = FALSE
	EndGlobalSection
	GlobalSection(ExtensibilityGlobals) = postSolution
		SolutionGuid = {B86AD2CD-30A6-46C3-90C8-1451CC8BF367}
	EndGlobalSection
EndGlobal
